
Microsoft Visual Studio Solution File, Format Version 12.00
# Visual Studio Version 17
VisualStudioVersion = 17.10.35027.167
MinimumVisualStudioVersion = 10.0.40219.1
Project("{9A19103F-16F7-4668-BE54-9A1E7A4F7556}") = "TradingDashboard.WebApi", "TradingDashboard\TradingDashboard.WebApi.csproj", "{CC5E088A-B00C-4032-8F5D-64153155155C}"
EndProject
Project("{9A19103F-16F7-4668-BE54-9A1E7A4F7556}") = "TradingDashboard.DataAccess", "TradingDashboard.DataAccess\TradingDashboard.DataAccess.csproj", "{4DE0EF38-34C6-42B9-9D4E-52A41E9EC925}"
EndProject
Project("{9A19103F-16F7-4668-BE54-9A1E7A4F7556}") = "TradingDashboard.BusinessLogic", "TradingDashboard.BusinessLogic\TradingDashboard.BusinessLogic.csproj", "{B6B00B8F-A9BA-483C-A26F-75D81F83A638}"
EndProject
Project("{FAE04EC0-301F-11D3-BF4B-00C04F79EFBC}") = "TradingDashboard.Shared", "TradingDashboard.Shared\TradingDashboard.Shared.csproj", "{A6E5B0F9-6B59-4097-89B8-ED4E47021874}"
EndProject
Global
	GlobalSection(SolutionConfigurationPlatforms) = preSolution
		Debug|Any CPU = Debug|Any CPU
		Release|Any CPU = Release|Any CPU
	EndGlobalSection
	GlobalSection(ProjectConfigurationPlatforms) = postSolution
		{CC5E088A-B00C-4032-8F5D-64153155155C}.Debug|Any CPU.ActiveCfg = Debug|Any CPU
		{CC5E088A-B00C-4032-8F5D-64153155155C}.Debug|Any CPU.Build.0 = Debug|Any CPU
		{CC5E088A-B00C-4032-8F5D-64153155155C}.Release|Any CPU.ActiveCfg = Release|Any CPU
		{CC5E088A-B00C-4032-8F5D-64153155155C}.Release|Any CPU.Build.0 = Release|Any CPU
		{4DE0EF38-34C6-42B9-9D4E-52A41E9EC925}.Debug|Any CPU.ActiveCfg = Debug|Any CPU
		{4DE0EF38-34C6-42B9-9D4E-52A41E9EC925}.Debug|Any CPU.Build.0 = Debug|Any CPU
		{4DE0EF38-34C6-42B9-9D4E-52A41E9EC925}.Release|Any CPU.ActiveCfg = Release|Any CPU
		{4DE0EF38-34C6-42B9-9D4E-52A41E9EC925}.Release|Any CPU.Build.0 = Release|Any CPU
		{B6B00B8F-A9BA-483C-A26F-75D81F83A638}.Debug|Any CPU.ActiveCfg = Debug|Any CPU
		{B6B00B8F-A9BA-483C-A26F-75D81F83A638}.Debug|Any CPU.Build.0 = Debug|Any CPU
		{B6B00B8F-A9BA-483C-A26F-75D81F83A638}.Release|Any CPU.ActiveCfg = Release|Any CPU
		{B6B00B8F-A9BA-483C-A26F-75D81F83A638}.Release|Any CPU.Build.0 = Release|Any CPU
		{A6E5B0F9-6B59-4097-89B8-ED4E47021874}.Debug|Any CPU.ActiveCfg = Debug|Any CPU
		{A6E5B0F9-6B59-4097-89B8-ED4E47021874}.Debug|Any CPU.Build.0 = Debug|Any CPU
		{A6E5B0F9-6B59-4097-89B8-ED4E47021874}.Release|Any CPU.ActiveCfg = Release|Any CPU
		{A6E5B0F9-6B59-4097-89B8-ED4E47021874}.Release|Any CPU.Build.0 = Release|Any CPU
	EndGlobalSection
	GlobalSection(SolutionProperties) = preSolution
		HideSolutionNode = FALSE
	EndGlobalSection
	GlobalSection(ExtensibilityGlobals) = postSolution
		SolutionGuid = {1CBF519A-A85E-463F-8CD2-ADC24F15005C}
	EndGlobalSection
EndGlobal
